
Microsoft Visual Studio Solution File, Format Version 12.00
# Visual Studio Version 17
VisualStudioVersion = 17.0.31903.59
MinimumVisualStudioVersion = 10.0.40219.1
Project("{2150E333-8FDC-42A3-9474-1A3956D46DE8}") = "Src", "Src", "{1992AF95-E90B-4EF5-B167-85FEB6B666D2}"
EndProject
Project("{2150E333-8FDC-42A3-9474-1A3956D46DE8}") = "Test", "Test", "{B4F6ABAC-07CA-4CEB-8C60-73F8FD1FB795}"
EndProject
Project("{2150E333-8FDC-42A3-9474-1A3956D46DE8}") = "Tools", "Tools", "{CA00DBE5-63A6-47E9-85AC-68A77F03D0DC}"
EndProject
Project("{9A19103F-16F7-4668-BE54-9A1E7A4F7556}") = "BouncyHsm", "Src\BouncyHsm\BouncyHsm.csproj", "{EBF70ED1-CB98-43B6-87A0-DE9A8A2D84DD}"
EndProject
Project("{9A19103F-16F7-4668-BE54-9A1E7A4F7556}") = "BouncyHsm.Core", "Src\BouncyHsm.Core\BouncyHsm.Core.csproj", "{3FF5BA83-D7FB-4348-AC57-24A84666F121}"
EndProject
Project("{9A19103F-16F7-4668-BE54-9A1E7A4F7556}") = "BouncyHsm.Infrastructure", "Src\BouncyHsm.Infrastructure\BouncyHsm.Infrastructure.csproj", "{E8711D64-CEDF-42D7-B48C-44918D526F85}"
EndProject
Project("{9A19103F-16F7-4668-BE54-9A1E7A4F7556}") = "BouncyHsm.RpcGenerator", "Tools\BouncyHsm.RpcGenerator\BouncyHsm.RpcGenerator.csproj", "{E0144F6C-352F-4D28-924E-CF0C56925798}"
EndProject
Project("{8BC9CEB8-8B4A-11D0-8D11-00A0C91BC942}") = "BouncyHsm.Pkcs11Lib", "Src\BouncyHsm.Pkcs11Lib\BouncyHsm.Pkcs11Lib.vcxproj", "{6F83B51B-8FDA-40F2-88B5-F1E415918BA8}"
EndProject
Project("{2150E333-8FDC-42A3-9474-1A3956D46DE8}") = "Solution Items", "Solution Items", "{2AD5B4C3-B077-4B98-930B-5E9984CB6543}"
	ProjectSection(SolutionItems) = preProject
		Directory.Build.props = Directory.Build.props
		..\README.md = ..\README.md
		RpcDefintion.yaml = RpcDefintion.yaml
	EndProjectSection
EndProject
Project("{9A19103F-16F7-4668-BE54-9A1E7A4F7556}") = "BouncyHsm.Pkcs11IntegrationTests", "Test\BouncyHsm.Pkcs11IntegrationTests\BouncyHsm.Pkcs11IntegrationTests.csproj", "{89B091DC-A8CD-45E7-B918-B95248D9EE4E}"
EndProject
Project("{9A19103F-16F7-4668-BE54-9A1E7A4F7556}") = "BouncyHsm.Spa", "Src\BouncyHsm.Spa\BouncyHsm.Spa.csproj", "{BFC926EF-5CB0-4B9F-AAFB-4B1C297E7A8A}"
EndProject
Project("{9A19103F-16F7-4668-BE54-9A1E7A4F7556}") = "BouncyHsm.DocGenerator", "Tools\BouncyHsm.DocGenerator\BouncyHsm.DocGenerator.csproj", "{3E4467BF-E32B-43CF-8DBC-FFAD25C1C587}"
EndProject
Global
	GlobalSection(SolutionConfigurationPlatforms) = preSolution
		Debug|Any CPU = Debug|Any CPU
		Debug|x64 = Debug|x64
		Debug|x86 = Debug|x86
		Release|Any CPU = Release|Any CPU
		Release|x64 = Release|x64
		Release|x86 = Release|x86
	EndGlobalSection
	GlobalSection(ProjectConfigurationPlatforms) = postSolution
		{EBF70ED1-CB98-43B6-87A0-DE9A8A2D84DD}.Debug|Any CPU.ActiveCfg = Debug|Any CPU
		{EBF70ED1-CB98-43B6-87A0-DE9A8A2D84DD}.Debug|Any CPU.Build.0 = Debug|Any CPU
		{EBF70ED1-CB98-43B6-87A0-DE9A8A2D84DD}.Debug|x64.ActiveCfg = Debug|Any CPU
		{EBF70ED1-CB98-43B6-87A0-DE9A8A2D84DD}.Debug|x64.Build.0 = Debug|Any CPU
		{EBF70ED1-CB98-43B6-87A0-DE9A8A2D84DD}.Debug|x86.ActiveCfg = Debug|Any CPU
		{EBF70ED1-CB98-43B6-87A0-DE9A8A2D84DD}.Debug|x86.Build.0 = Debug|Any CPU
		{EBF70ED1-CB98-43B6-87A0-DE9A8A2D84DD}.Release|Any CPU.ActiveCfg = Release|Any CPU
		{EBF70ED1-CB98-43B6-87A0-DE9A8A2D84DD}.Release|Any CPU.Build.0 = Release|Any CPU
		{EBF70ED1-CB98-43B6-87A0-DE9A8A2D84DD}.Release|x64.ActiveCfg = Release|Any CPU
		{EBF70ED1-CB98-43B6-87A0-DE9A8A2D84DD}.Release|x64.Build.0 = Release|Any CPU
		{EBF70ED1-CB98-43B6-87A0-DE9A8A2D84DD}.Release|x86.ActiveCfg = Release|Any CPU
		{EBF70ED1-CB98-43B6-87A0-DE9A8A2D84DD}.Release|x86.Build.0 = Release|Any CPU
		{3FF5BA83-D7FB-4348-AC57-24A84666F121}.Debug|Any CPU.ActiveCfg = Debug|Any CPU
		{3FF5BA83-D7FB-4348-AC57-24A84666F121}.Debug|Any CPU.Build.0 = Debug|Any CPU
		{3FF5BA83-D7FB-4348-AC57-24A84666F121}.Debug|x64.ActiveCfg = Debug|Any CPU
		{3FF5BA83-D7FB-4348-AC57-24A84666F121}.Debug|x64.Build.0 = Debug|Any CPU
		{3FF5BA83-D7FB-4348-AC57-24A84666F121}.Debug|x86.ActiveCfg = Debug|Any CPU
		{3FF5BA83-D7FB-4348-AC57-24A84666F121}.Debug|x86.Build.0 = Debug|Any CPU
		{3FF5BA83-D7FB-4348-AC57-24A84666F121}.Release|Any CPU.ActiveCfg = Release|Any CPU
		{3FF5BA83-D7FB-4348-AC57-24A84666F121}.Release|Any CPU.Build.0 = Release|Any CPU
		{3FF5BA83-D7FB-4348-AC57-24A84666F121}.Release|x64.ActiveCfg = Release|Any CPU
		{3FF5BA83-D7FB-4348-AC57-24A84666F121}.Release|x64.Build.0 = Release|Any CPU
		{3FF5BA83-D7FB-4348-AC57-24A84666F121}.Release|x86.ActiveCfg = Release|Any CPU
		{3FF5BA83-D7FB-4348-AC57-24A84666F121}.Release|x86.Build.0 = Release|Any CPU
		{E8711D64-CEDF-42D7-B48C-44918D526F85}.Debug|Any CPU.ActiveCfg = Debug|Any CPU
		{E8711D64-CEDF-42D7-B48C-44918D526F85}.Debug|Any CPU.Build.0 = Debug|Any CPU
		{E8711D64-CEDF-42D7-B48C-44918D526F85}.Debug|x64.ActiveCfg = Debug|Any CPU
		{E8711D64-CEDF-42D7-B48C-44918D526F85}.Debug|x64.Build.0 = Debug|Any CPU
		{E8711D64-CEDF-42D7-B48C-44918D526F85}.Debug|x86.ActiveCfg = Debug|Any CPU
		{E8711D64-CEDF-42D7-B48C-44918D526F85}.Debug|x86.Build.0 = Debug|Any CPU
		{E8711D64-CEDF-42D7-B48C-44918D526F85}.Release|Any CPU.ActiveCfg = Release|Any CPU
		{E8711D64-CEDF-42D7-B48C-44918D526F85}.Release|Any CPU.Build.0 = Release|Any CPU
		{E8711D64-CEDF-42D7-B48C-44918D526F85}.Release|x64.ActiveCfg = Release|Any CPU
		{E8711D64-CEDF-42D7-B48C-44918D526F85}.Release|x64.Build.0 = Release|Any CPU
		{E8711D64-CEDF-42D7-B48C-44918D526F85}.Release|x86.ActiveCfg = Release|Any CPU
		{E8711D64-CEDF-42D7-B48C-44918D526F85}.Release|x86.Build.0 = Release|Any CPU
		{E0144F6C-352F-4D28-924E-CF0C56925798}.Debug|Any CPU.ActiveCfg = Debug|Any CPU
		{E0144F6C-352F-4D28-924E-CF0C56925798}.Debug|Any CPU.Build.0 = Debug|Any CPU
		{E0144F6C-352F-4D28-924E-CF0C56925798}.Debug|x64.ActiveCfg = Debug|Any CPU
		{E0144F6C-352F-4D28-924E-CF0C56925798}.Debug|x64.Build.0 = Debug|Any CPU
		{E0144F6C-352F-4D28-924E-CF0C56925798}.Debug|x86.ActiveCfg = Debug|Any CPU
		{E0144F6C-352F-4D28-924E-CF0C56925798}.Debug|x86.Build.0 = Debug|Any CPU
		{E0144F6C-352F-4D28-924E-CF0C56925798}.Release|Any CPU.ActiveCfg = Release|Any CPU
		{E0144F6C-352F-4D28-924E-CF0C56925798}.Release|Any CPU.Build.0 = Release|Any CPU
		{E0144F6C-352F-4D28-924E-CF0C56925798}.Release|x64.ActiveCfg = Release|Any CPU
		{E0144F6C-352F-4D28-924E-CF0C56925798}.Release|x64.Build.0 = Release|Any CPU
		{E0144F6C-352F-4D28-924E-CF0C56925798}.Release|x86.ActiveCfg = Release|Any CPU
		{E0144F6C-352F-4D28-924E-CF0C56925798}.Release|x86.Build.0 = Release|Any CPU
		{6F83B51B-8FDA-40F2-88B5-F1E415918BA8}.Debug|Any CPU.ActiveCfg = Debug|x64
		{6F83B51B-8FDA-40F2-88B5-F1E415918BA8}.Debug|Any CPU.Build.0 = Debug|x64
		{6F83B51B-8FDA-40F2-88B5-F1E415918BA8}.Debug|x64.ActiveCfg = Debug|x64
		{6F83B51B-8FDA-40F2-88B5-F1E415918BA8}.Debug|x64.Build.0 = Debug|x64
		{6F83B51B-8FDA-40F2-88B5-F1E415918BA8}.Debug|x86.ActiveCfg = Debug|Win32
		{6F83B51B-8FDA-40F2-88B5-F1E415918BA8}.Debug|x86.Build.0 = Debug|Win32
		{6F83B51B-8FDA-40F2-88B5-F1E415918BA8}.Release|Any CPU.ActiveCfg = Release|x64
		{6F83B51B-8FDA-40F2-88B5-F1E415918BA8}.Release|Any CPU.Build.0 = Release|x64
		{6F83B51B-8FDA-40F2-88B5-F1E415918BA8}.Release|x64.ActiveCfg = Release|x64
		{6F83B51B-8FDA-40F2-88B5-F1E415918BA8}.Release|x64.Build.0 = Release|x64
		{6F83B51B-8FDA-40F2-88B5-F1E415918BA8}.Release|x86.ActiveCfg = Release|Win32
		{6F83B51B-8FDA-40F2-88B5-F1E415918BA8}.Release|x86.Build.0 = Release|Win32
		{89B091DC-A8CD-45E7-B918-B95248D9EE4E}.Debug|Any CPU.ActiveCfg = Debug|Any CPU
		{89B091DC-A8CD-45E7-B918-B95248D9EE4E}.Debug|Any CPU.Build.0 = Debug|Any CPU
		{89B091DC-A8CD-45E7-B918-B95248D9EE4E}.Debug|x64.ActiveCfg = Debug|Any CPU
		{89B091DC-A8CD-45E7-B918-B95248D9EE4E}.Debug|x64.Build.0 = Debug|Any CPU
		{89B091DC-A8CD-45E7-B918-B95248D9EE4E}.Debug|x86.ActiveCfg = Debug|Any CPU
		{89B091DC-A8CD-45E7-B918-B95248D9EE4E}.Debug|x86.Build.0 = Debug|Any CPU
		{89B091DC-A8CD-45E7-B918-B95248D9EE4E}.Release|Any CPU.ActiveCfg = Release|Any CPU
		{89B091DC-A8CD-45E7-B918-B95248D9EE4E}.Release|Any CPU.Build.0 = Release|Any CPU
		{89B091DC-A8CD-45E7-B918-B95248D9EE4E}.Release|x64.ActiveCfg = Release|Any CPU
		{89B091DC-A8CD-45E7-B918-B95248D9EE4E}.Release|x64.Build.0 = Release|Any CPU
		{89B091DC-A8CD-45E7-B918-B95248D9EE4E}.Release|x86.ActiveCfg = Release|Any CPU
		{89B091DC-A8CD-45E7-B918-B95248D9EE4E}.Release|x86.Build.0 = Release|Any CPU
		{BFC926EF-5CB0-4B9F-AAFB-4B1C297E7A8A}.Debug|Any CPU.ActiveCfg = Debug|Any CPU
		{BFC926EF-5CB0-4B9F-AAFB-4B1C297E7A8A}.Debug|Any CPU.Build.0 = Debug|Any CPU
		{BFC926EF-5CB0-4B9F-AAFB-4B1C297E7A8A}.Debug|x64.ActiveCfg = Debug|Any CPU
		{BFC926EF-5CB0-4B9F-AAFB-4B1C297E7A8A}.Debug|x64.Build.0 = Debug|Any CPU
		{BFC926EF-5CB0-4B9F-AAFB-4B1C297E7A8A}.Debug|x86.ActiveCfg = Debug|Any CPU
		{BFC926EF-5CB0-4B9F-AAFB-4B1C297E7A8A}.Debug|x86.Build.0 = Debug|Any CPU
		{BFC926EF-5CB0-4B9F-AAFB-4B1C297E7A8A}.Release|Any CPU.ActiveCfg = Release|Any CPU
		{BFC926EF-5CB0-4B9F-AAFB-4B1C297E7A8A}.Release|Any CPU.Build.0 = Release|Any CPU
		{BFC926EF-5CB0-4B9F-AAFB-4B1C297E7A8A}.Release|x64.ActiveCfg = Release|Any CPU
		{BFC926EF-5CB0-4B9F-AAFB-4B1C297E7A8A}.Release|x64.Build.0 = Release|Any CPU
		{BFC926EF-5CB0-4B9F-AAFB-4B1C297E7A8A}.Release|x86.ActiveCfg = Release|Any CPU
		{BFC926EF-5CB0-4B9F-AAFB-4B1C297E7A8A}.Release|x86.Build.0 = Release|Any CPU
		{3E4467BF-E32B-43CF-8DBC-FFAD25C1C587}.Debug|Any CPU.ActiveCfg = Debug|Any CPU
		{3E4467BF-E32B-43CF-8DBC-FFAD25C1C587}.Debug|Any CPU.Build.0 = Debug|Any CPU
		{3E4467BF-E32B-43CF-8DBC-FFAD25C1C587}.Debug|x64.ActiveCfg = Debug|Any CPU
		{3E4467BF-E32B-43CF-8DBC-FFAD25C1C587}.Debug|x64.Build.0 = Debug|Any CPU
		{3E4467BF-E32B-43CF-8DBC-FFAD25C1C587}.Debug|x86.ActiveCfg = Debug|Any CPU
		{3E4467BF-E32B-43CF-8DBC-FFAD25C1C587}.Debug|x86.Build.0 = Debug|Any CPU
		{3E4467BF-E32B-43CF-8DBC-FFAD25C1C587}.Release|Any CPU.ActiveCfg = Release|Any CPU
		{3E4467BF-E32B-43CF-8DBC-FFAD25C1C587}.Release|Any CPU.Build.0 = Release|Any CPU
		{3E4467BF-E32B-43CF-8DBC-FFAD25C1C587}.Release|x64.ActiveCfg = Release|Any CPU
		{3E4467BF-E32B-43CF-8DBC-FFAD25C1C587}.Release|x64.Build.0 = Release|Any CPU
		{3E4467BF-E32B-43CF-8DBC-FFAD25C1C587}.Release|x86.ActiveCfg = Release|Any CPU
		{3E4467BF-E32B-43CF-8DBC-FFAD25C1C587}.Release|x86.Build.0 = Release|Any CPU
	EndGlobalSection
	GlobalSection(SolutionProperties) = preSolution
		HideSolutionNode = FALSE
	EndGlobalSection
	GlobalSection(NestedProjects) = preSolution
		{EBF70ED1-CB98-43B6-87A0-DE9A8A2D84DD} = {1992AF95-E90B-4EF5-B167-85FEB6B666D2}
		{3FF5BA83-D7FB-4348-AC57-24A84666F121} = {1992AF95-E90B-4EF5-B167-85FEB6B666D2}
		{E8711D64-CEDF-42D7-B48C-44918D526F85} = {1992AF95-E90B-4EF5-B167-85FEB6B666D2}
		{E0144F6C-352F-4D28-924E-CF0C56925798} = {CA00DBE5-63A6-47E9-85AC-68A77F03D0DC}
		{6F83B51B-8FDA-40F2-88B5-F1E415918BA8} = {1992AF95-E90B-4EF5-B167-85FEB6B666D2}
		{89B091DC-A8CD-45E7-B918-B95248D9EE4E} = {B4F6ABAC-07CA-4CEB-8C60-73F8FD1FB795}
		{BFC926EF-5CB0-4B9F-AAFB-4B1C297E7A8A} = {1992AF95-E90B-4EF5-B167-85FEB6B666D2}
		{3E4467BF-E32B-43CF-8DBC-FFAD25C1C587} = {CA00DBE5-63A6-47E9-85AC-68A77F03D0DC}
	EndGlobalSection
	GlobalSection(ExtensibilityGlobals) = postSolution
		SolutionGuid = {C90C9750-6184-4C23-BB55-60152D43665D}
	EndGlobalSection
EndGlobal
